
Microsoft Visual Studio Solution File, Format Version 12.00
Project("{FAE04EC0-301F-11D3-BF4B-00C04F79EFBC}") = "SharpMetal", "src\SharpMetal\SharpMetal.csproj", "{6B22F189-90FF-458F-ACC1-40434D12DAA1}"
EndProject
Project("{FAE04EC0-301F-11D3-BF4B-00C04F79EFBC}") = "SharpMetal.Examples.Common", "src\SharpMetal.Examples.Common\SharpMetal.Examples.Common.csproj", "{5787CD6E-B9A9-498C-BEC3-D53C4842FA81}"
EndProject
Project("{FAE04EC0-301F-11D3-BF4B-00C04F79EFBC}") = "SharpMetal.Generator", "src\SharpMetal.Generator\SharpMetal.Generator.csproj", "{DC5CB695-76EC-4BA8-86D0-0D27A6625E60}"
EndProject
Project("{FAE04EC0-301F-11D3-BF4B-00C04F79EFBC}") = "SharpMetal.Examples.Primitive", "src\SharpMetal.Examples.Primitive\SharpMetal.Examples.Primitive.csproj", "{6BA63D0A-5289-45CC-87BE-743745C236D4}"
EndProject
Project("{2150E333-8FDC-42A3-9474-1A3956D46DE8}") = "Examples", "Examples", "{CD15799B-6BE2-46FE-84EE-39CAF17E3F70}"
EndProject
Project("{FAE04EC0-301F-11D3-BF4B-00C04F79EFBC}") = "SharpMetal.Examples.Animation", "src\SharpMetal.Examples.Animation\SharpMetal.Examples.Animation.csproj", "{D3874AA7-1C5F-4440-B27E-609D83D200FE}"
EndProject
Project("{FAE04EC0-301F-11D3-BF4B-00C04F79EFBC}") = "SharpMetal.Examples.ComputeToRender", "src\SharpMetal.Examples.ComputeToRender\SharpMetal.Examples.ComputeToRender.csproj", "{2AD41EE3-DF0A-40AD-8433-A8B52E4DBE5F}"
EndProject
Project("{FAE04EC0-301F-11D3-BF4B-00C04F79EFBC}") = "SharpMetal.Examples.ComputeToRenderMTL4", "src\SharpMetal.Examples.ComputeToRenderMTL4\SharpMetal.Examples.ComputeToRenderMTL4.csproj", "{7FB9601F-794B-48AC-89E2-5D96BEE19AB5}"
EndProject
Global
	GlobalSection(SolutionConfigurationPlatforms) = preSolution
		Debug|Any CPU = Debug|Any CPU
		Release|Any CPU = Release|Any CPU
	EndGlobalSection
	GlobalSection(ProjectConfigurationPlatforms) = postSolution
		{6B22F189-90FF-458F-ACC1-40434D12DAA1}.Debug|Any CPU.ActiveCfg = Debug|Any CPU
		{6B22F189-90FF-458F-ACC1-40434D12DAA1}.Debug|Any CPU.Build.0 = Debug|Any CPU
		{6B22F189-90FF-458F-ACC1-40434D12DAA1}.Release|Any CPU.ActiveCfg = Release|Any CPU
		{6B22F189-90FF-458F-ACC1-40434D12DAA1}.Release|Any CPU.Build.0 = Release|Any CPU
		{5787CD6E-B9A9-498C-BEC3-D53C4842FA81}.Debug|Any CPU.ActiveCfg = Debug|Any CPU
		{5787CD6E-B9A9-498C-BEC3-D53C4842FA81}.Debug|Any CPU.Build.0 = Debug|Any CPU
		{5787CD6E-B9A9-498C-BEC3-D53C4842FA81}.Release|Any CPU.ActiveCfg = Release|Any CPU
		{5787CD6E-B9A9-498C-BEC3-D53C4842FA81}.Release|Any CPU.Build.0 = Release|Any CPU
		{DC5CB695-76EC-4BA8-86D0-0D27A6625E60}.Debug|Any CPU.ActiveCfg = Debug|Any CPU
		{DC5CB695-76EC-4BA8-86D0-0D27A6625E60}.Debug|Any CPU.Build.0 = Debug|Any CPU
		{DC5CB695-76EC-4BA8-86D0-0D27A6625E60}.Release|Any CPU.ActiveCfg = Release|Any CPU
		{DC5CB695-76EC-4BA8-86D0-0D27A6625E60}.Release|Any CPU.Build.0 = Release|Any CPU
		{6BA63D0A-5289-45CC-87BE-743745C236D4}.Debug|Any CPU.ActiveCfg = Debug|Any CPU
		{6BA63D0A-5289-45CC-87BE-743745C236D4}.Debug|Any CPU.Build.0 = Debug|Any CPU
		{6BA63D0A-5289-45CC-87BE-743745C236D4}.Release|Any CPU.ActiveCfg = Release|Any CPU
		{6BA63D0A-5289-45CC-87BE-743745C236D4}.Release|Any CPU.Build.0 = Release|Any CPU
		{D3874AA7-1C5F-4440-B27E-609D83D200FE}.Debug|Any CPU.ActiveCfg = Debug|Any CPU
		{D3874AA7-1C5F-4440-B27E-609D83D200FE}.Debug|Any CPU.Build.0 = Debug|Any CPU
		{D3874AA7-1C5F-4440-B27E-609D83D200FE}.Release|Any CPU.ActiveCfg = Release|Any CPU
		{D3874AA7-1C5F-4440-B27E-609D83D200FE}.Release|Any CPU.Build.0 = Release|Any CPU
		{2AD41EE3-DF0A-40AD-8433-A8B52E4DBE5F}.Debug|Any CPU.ActiveCfg = Debug|Any CPU
		{2AD41EE3-DF0A-40AD-8433-A8B52E4DBE5F}.Debug|Any CPU.Build.0 = Debug|Any CPU
		{2AD41EE3-DF0A-40AD-8433-A8B52E4DBE5F}.Release|Any CPU.ActiveCfg = Release|Any CPU
		{2AD41EE3-DF0A-40AD-8433-A8B52E4DBE5F}.Release|Any CPU.Build.0 = Release|Any CPU
		{7FB9601F-794B-48AC-89E2-5D96BEE19AB5}.Debug|Any CPU.ActiveCfg = Debug|Any CPU
		{7FB9601F-794B-48AC-89E2-5D96BEE19AB5}.Debug|Any CPU.Build.0 = Debug|Any CPU
		{7FB9601F-794B-48AC-89E2-5D96BEE19AB5}.Release|Any CPU.ActiveCfg = Release|Any CPU
		{7FB9601F-794B-48AC-89E2-5D96BEE19AB5}.Release|Any CPU.Build.0 = Release|Any CPU
	EndGlobalSection
	GlobalSection(NestedProjects) = preSolution
		{5787CD6E-B9A9-498C-BEC3-D53C4842FA81} = {CD15799B-6BE2-46FE-84EE-39CAF17E3F70}
		{6BA63D0A-5289-45CC-87BE-743745C236D4} = {CD15799B-6BE2-46FE-84EE-39CAF17E3F70}
		{D3874AA7-1C5F-4440-B27E-609D83D200FE} = {CD15799B-6BE2-46FE-84EE-39CAF17E3F70}
		{2AD41EE3-DF0A-40AD-8433-A8B52E4DBE5F} = {CD15799B-6BE2-46FE-84EE-39CAF17E3F70}
		{7FB9601F-794B-48AC-89E2-5D96BEE19AB5} = {CD15799B-6BE2-46FE-84EE-39CAF17E3F70}
	EndGlobalSection
EndGlobal
